
Microsoft Visual Studio Solution File, Format Version 12.00
# Visual Studio Version 16
VisualStudioVersion = 16.0.29102.190
MinimumVisualStudioVersion = 10.0.40219.1
Project("{FAE04EC0-301F-11D3-BF4B-00C04F79EFBC}") = "QMailer", "QMailer\QMailer.csproj", "{9BA2321E-745B-46C1-90F5-A02B037C6BCF}"
EndProject
Project("{FAE04EC0-301F-11D3-BF4B-00C04F79EFBC}") = "QMailer.Web", "QMailer.Web\QMailer.Web.csproj", "{16517442-1304-404D-BF82-C74255B7B850}"
EndProject
Project("{FAE04EC0-301F-11D3-BF4B-00C04F79EFBC}") = "QMailer.Tests", "QMailer.Tests\QMailer.Tests.csproj", "{1D54F92C-F440-45EE-A61B-25CA68FBBF95}"
EndProject
Project("{FAE04EC0-301F-11D3-BF4B-00C04F79EFBC}") = "QMailer.SvcHost", "QMailer.SvcHost\QMailer.SvcHost.csproj", "{D574F395-CFC0-4DBF-9743-4E4C63B2C260}"
EndProject
Project("{2150E333-8FDC-42A3-9474-1A3956D46DE8}") = "ThirdParty", "ThirdParty", "{F46321AD-8F97-4BA1-A327-D2952195F1A7}"
EndProject
Project("{FAE04EC0-301F-11D3-BF4B-00C04F79EFBC}") = "DKIM.Net", "..\DKIM.Net\src\DKIM.Net\DKIM.Net.csproj", "{1CFB14B2-E0FF-4491-820F-490CFFBAA47A}"
EndProject
Project("{2150E333-8FDC-42A3-9474-1A3956D46DE8}") = "Solution Items", "Solution Items", "{6421F058-31D7-4720-A5F6-5AD46812B338}"
	ProjectSection(SolutionItems) = preProject
		changelog.txt = changelog.txt
		README.md = README.md
	EndProjectSection
EndProject
Project("{FAE04EC0-301F-11D3-BF4B-00C04F79EFBC}") = "QMailer.Client", "QMailer.Client\QMailer.Client.csproj", "{9411A900-F57B-4FE3-87F6-554724D8F4B0}"
EndProject
Project("{FAE04EC0-301F-11D3-BF4B-00C04F79EFBC}") = "QMailer.MailJet", "QMailer.MailJet\QMailer.MailJet.csproj", "{1B12B2AC-BCA6-43B0-8264-5CB18A9618B9}"
EndProject
Project("{FAE04EC0-301F-11D3-BF4B-00C04F79EFBC}") = "QMailer.Unity", "QMailer.Unity\QMailer.Unity.csproj", "{F9A7E850-3AC5-4D99-8D3F-3347562DBE1E}"
EndProject
Project("{FAE04EC0-301F-11D3-BF4B-00C04F79EFBC}") = "QMailer.Dkim", "QMailer.Dkim\QMailer.Dkim.csproj", "{DA8AEAE6-A51C-4DA7-8487-07FB4403939F}"
EndProject
Project("{FAE04EC0-301F-11D3-BF4B-00C04F79EFBC}") = "QMailer.SendinBlue", "QMailer.SendinBlue\QMailer.SendinBlue.csproj", "{DB3543C3-D991-40A4-A9EB-ED8E20847DB0}"
EndProject
Global
	GlobalSection(SolutionConfigurationPlatforms) = preSolution
		Debug|Any CPU = Debug|Any CPU
		Release|Any CPU = Release|Any CPU
	EndGlobalSection
	GlobalSection(ProjectConfigurationPlatforms) = postSolution
		{9BA2321E-745B-46C1-90F5-A02B037C6BCF}.Debug|Any CPU.ActiveCfg = Debug|Any CPU
		{9BA2321E-745B-46C1-90F5-A02B037C6BCF}.Debug|Any CPU.Build.0 = Debug|Any CPU
		{9BA2321E-745B-46C1-90F5-A02B037C6BCF}.Release|Any CPU.ActiveCfg = Release|Any CPU
		{9BA2321E-745B-46C1-90F5-A02B037C6BCF}.Release|Any CPU.Build.0 = Release|Any CPU
		{16517442-1304-404D-BF82-C74255B7B850}.Debug|Any CPU.ActiveCfg = Debug|Any CPU
		{16517442-1304-404D-BF82-C74255B7B850}.Debug|Any CPU.Build.0 = Debug|Any CPU
		{16517442-1304-404D-BF82-C74255B7B850}.Release|Any CPU.ActiveCfg = Release|Any CPU
		{16517442-1304-404D-BF82-C74255B7B850}.Release|Any CPU.Build.0 = Release|Any CPU
		{1D54F92C-F440-45EE-A61B-25CA68FBBF95}.Debug|Any CPU.ActiveCfg = Debug|Any CPU
		{1D54F92C-F440-45EE-A61B-25CA68FBBF95}.Debug|Any CPU.Build.0 = Debug|Any CPU
		{1D54F92C-F440-45EE-A61B-25CA68FBBF95}.Release|Any CPU.ActiveCfg = Release|Any CPU
		{1D54F92C-F440-45EE-A61B-25CA68FBBF95}.Release|Any CPU.Build.0 = Release|Any CPU
		{D574F395-CFC0-4DBF-9743-4E4C63B2C260}.Debug|Any CPU.ActiveCfg = Debug|Any CPU
		{D574F395-CFC0-4DBF-9743-4E4C63B2C260}.Debug|Any CPU.Build.0 = Debug|Any CPU
		{D574F395-CFC0-4DBF-9743-4E4C63B2C260}.Release|Any CPU.ActiveCfg = Release|Any CPU
		{D574F395-CFC0-4DBF-9743-4E4C63B2C260}.Release|Any CPU.Build.0 = Release|Any CPU
		{1CFB14B2-E0FF-4491-820F-490CFFBAA47A}.Debug|Any CPU.ActiveCfg = Debug|Any CPU
		{1CFB14B2-E0FF-4491-820F-490CFFBAA47A}.Debug|Any CPU.Build.0 = Debug|Any CPU
		{1CFB14B2-E0FF-4491-820F-490CFFBAA47A}.Release|Any CPU.ActiveCfg = Release|Any CPU
		{1CFB14B2-E0FF-4491-820F-490CFFBAA47A}.Release|Any CPU.Build.0 = Release|Any CPU
		{9411A900-F57B-4FE3-87F6-554724D8F4B0}.Debug|Any CPU.ActiveCfg = Debug|Any CPU
		{9411A900-F57B-4FE3-87F6-554724D8F4B0}.Debug|Any CPU.Build.0 = Debug|Any CPU
		{9411A900-F57B-4FE3-87F6-554724D8F4B0}.Release|Any CPU.ActiveCfg = Release|Any CPU
		{9411A900-F57B-4FE3-87F6-554724D8F4B0}.Release|Any CPU.Build.0 = Release|Any CPU
		{1B12B2AC-BCA6-43B0-8264-5CB18A9618B9}.Debug|Any CPU.ActiveCfg = Debug|Any CPU
		{1B12B2AC-BCA6-43B0-8264-5CB18A9618B9}.Debug|Any CPU.Build.0 = Debug|Any CPU
		{1B12B2AC-BCA6-43B0-8264-5CB18A9618B9}.Release|Any CPU.ActiveCfg = Release|Any CPU
		{1B12B2AC-BCA6-43B0-8264-5CB18A9618B9}.Release|Any CPU.Build.0 = Release|Any CPU
		{F9A7E850-3AC5-4D99-8D3F-3347562DBE1E}.Debug|Any CPU.ActiveCfg = Debug|Any CPU
		{F9A7E850-3AC5-4D99-8D3F-3347562DBE1E}.Release|Any CPU.ActiveCfg = Release|Any CPU
		{F9A7E850-3AC5-4D99-8D3F-3347562DBE1E}.Release|Any CPU.Build.0 = Release|Any CPU
		{DA8AEAE6-A51C-4DA7-8487-07FB4403939F}.Debug|Any CPU.ActiveCfg = Debug|Any CPU
		{DA8AEAE6-A51C-4DA7-8487-07FB4403939F}.Release|Any CPU.ActiveCfg = Release|Any CPU
		{DA8AEAE6-A51C-4DA7-8487-07FB4403939F}.Release|Any CPU.Build.0 = Release|Any CPU
		{DB3543C3-D991-40A4-A9EB-ED8E20847DB0}.Debug|Any CPU.ActiveCfg = Debug|Any CPU
		{DB3543C3-D991-40A4-A9EB-ED8E20847DB0}.Debug|Any CPU.Build.0 = Debug|Any CPU
		{DB3543C3-D991-40A4-A9EB-ED8E20847DB0}.Release|Any CPU.ActiveCfg = Release|Any CPU
		{DB3543C3-D991-40A4-A9EB-ED8E20847DB0}.Release|Any CPU.Build.0 = Release|Any CPU
	EndGlobalSection
	GlobalSection(SolutionProperties) = preSolution
		HideSolutionNode = FALSE
	EndGlobalSection
	GlobalSection(NestedProjects) = preSolution
		{1CFB14B2-E0FF-4491-820F-490CFFBAA47A} = {F46321AD-8F97-4BA1-A327-D2952195F1A7}
	EndGlobalSection
	GlobalSection(ExtensibilityGlobals) = postSolution
		SolutionGuid = {5D6139FD-7452-4E91-8F8C-A3BCFD354B59}
	EndGlobalSection
EndGlobal
